{
  "name": "@kevinzma/prettier-config",
  "version": "1.1.0",
  "lockfileVersion": 2,
  "requires": true,
  "packages": {
    "": {
      "name": "@kevinzma/prettier-config",
      "version": "1.1.0",
      "license": "MIT",
      "dependencies": {
        "@sapphire/prettier-config": "^1.4.3",
        "prettier": "^2.7.1"
      }
    },
    "node_modules/@sapphire/prettier-config": {
      "version": "1.4.3",
      "resolved": "https://registry.npmjs.org/@sapphire/prettier-config/-/prettier-config-1.4.3.tgz",
      "integrity": "sha512-B0/SBL2x/R/DqF3cIY+f+1DzGI20SLyFBhvKnN9EndCow2feB5TWHvVArJKTDN7PMVgU1Gia2aCLyXO+/OM32w==",
      "dependencies": {
        "prettier": "^2.6.2"
      },
      "engines": {
        "node": ">=v14.0.0",
        "npm": ">=7.0.0"
      }
    },
    "node_modules/prettier": {
      "version": "2.7.1",
      "resolved": "https://registry.npmjs.org/prettier/-/prettier-2.7.1.tgz",
      "integrity": "sha512-ujppO+MkdPqoVINuDFDRLClm7D78qbDt0/NR+wp5FqEZOoTNAjPHWj17QRhu7geIHJfcNhRk1XVQmF8Bp3ye+g==",
      "bin": {
        "prettier": "bin-prettier.js"
      },
      "engines": {
        "node": ">=10.13.0"
      },
      "funding": {
        "url": "https://github.com/prettier/prettier?sponsor=1"
      }
    }
  },
  "dependencies": {
    "@sapphire/prettier-config": {
      "version": "1.4.3",
      "resolved": "https://registry.npmjs.org/@sapphire/prettier-config/-/prettier-config-1.4.3.tgz",
      "integrity": "sha512-B0/SBL2x/R/DqF3cIY+f+1DzGI20SLyFBhvKnN9EndCow2feB5TWHvVArJKTDN7PMVgU1Gia2aCLyXO+/OM32w==",
      "requires": {
        "prettier": "^2.6.2"
      }
    },
    "prettier": {
      "version": "2.7.1",
      "resolved": "https://registry.npmjs.org/prettier/-/prettier-2.7.1.tgz",
      "integrity": "sha512-ujppO+MkdPqoVINuDFDRLClm7D78qbDt0/NR+wp5FqEZOoTNAjPHWj17QRhu7geIHJfcNhRk1XVQmF8Bp3ye+g=="
    }
  }
}
