{
  "name": "@kevinzma/prettier-config",
  "version": "1.0.0",
  "lockfileVersion": 2,
  "requires": true,
  "packages": {
    "": {
      "name": "@kevinzma/prettier-config",
      "version": "1.0.0",
      "license": "MIT",
      "dependencies": {
        "@sapphire/prettier-config": "^1.2.3",
        "prettier": "^2.4.1"
      },
      "devDependencies": {}
    },
    "node_modules/@sapphire/prettier-config": {
      "version": "1.2.3",
      "resolved": "https://registry.npmjs.org/@sapphire/prettier-config/-/prettier-config-1.2.3.tgz",
      "integrity": "sha512-Nf36z3eJbqy7Ilvehjd/A/TNgqsHYHDzd37/qEMjK0UkolWKBl/KiL8b/ylsoMm4huD7aM7+30y2AQdPu2qf6g==",
      "dependencies": {
        "prettier": "^2.4.1"
      },
      "engines": {
        "node": ">=v14.0.0",
        "npm": ">=7.0.0"
      }
    },
    "node_modules/prettier": {
      "version": "2.4.1",
      "resolved": "https://registry.npmjs.org/prettier/-/prettier-2.4.1.tgz",
      "integrity": "sha512-9fbDAXSBcc6Bs1mZrDYb3XKzDLm4EXXL9sC1LqKP5rZkT6KRr/rf9amVUcODVXgguK/isJz0d0hP72WeaKWsvA==",
      "bin": {
        "prettier": "bin-prettier.js"
      },
      "engines": {
        "node": ">=10.13.0"
      }
    }
  },
  "dependencies": {
    "@sapphire/prettier-config": {
      "version": "1.2.3",
      "resolved": "https://registry.npmjs.org/@sapphire/prettier-config/-/prettier-config-1.2.3.tgz",
      "integrity": "sha512-Nf36z3eJbqy7Ilvehjd/A/TNgqsHYHDzd37/qEMjK0UkolWKBl/KiL8b/ylsoMm4huD7aM7+30y2AQdPu2qf6g==",
      "requires": {
        "prettier": "^2.4.1"
      }
    },
    "prettier": {
      "version": "2.4.1",
      "resolved": "https://registry.npmjs.org/prettier/-/prettier-2.4.1.tgz",
      "integrity": "sha512-9fbDAXSBcc6Bs1mZrDYb3XKzDLm4EXXL9sC1LqKP5rZkT6KRr/rf9amVUcODVXgguK/isJz0d0hP72WeaKWsvA=="
    }
  }
}
